// !$*UTF8*$!
{
	archiveVersion = 1;
	classes = {
	};
	objectVersion = 46;
	objects = {

/* Begin PBXBuildFile section */
		2669D7C0149DCDE200B04EBC /* MobileCoreServices.framework in Frameworks */ = {isa = PBXBuildFile; fileRef = 2669D7BF149DCDE200B04EBC /* MobileCoreServices.framework */; };
		A86AD68C14C19C8100C511ED /* greenplus.png in Resources */ = {isa = PBXBuildFile; fileRef = A86AD68B14C19C8100C511ED /* greenplus.png */; };
		A86AD68E14C1A2BA00C511ED /* greenplus32.png in Resources */ = {isa = PBXBuildFile; fileRef = A86AD68D14C1A2BA00C511ED /* greenplus32.png */; };
		A89C2C2C14B20378004FEF25 /* UIImprovedImage.m in Sources */ = {isa = PBXBuildFile; fileRef = A89C2C2B14B20378004FEF25 /* UIImprovedImage.m */; };
		A8A89861149DA86400F95FAE /* UIKit.framework in Frameworks */ = {isa = PBXBuildFile; fileRef = A8A89860149DA86400F95FAE /* UIKit.framework */; };
		A8A89863149DA86400F95FAE /* Foundation.framework in Frameworks */ = {isa = PBXBuildFile; fileRef = A8A89862149DA86400F95FAE /* Foundation.framework */; };
		A8A89865149DA86400F95FAE /* CoreGraphics.framework in Frameworks */ = {isa = PBXBuildFile; fileRef = A8A89864149DA86400F95FAE /* CoreGraphics.framework */; };
		A8A8986B149DA86400F95FAE /* InfoPlist.strings in Resources */ = {isa = PBXBuildFile; fileRef = A8A89869149DA86400F95FAE /* InfoPlist.strings */; };
		A8A8986D149DA86400F95FAE /* main.m in Sources */ = {isa = PBXBuildFile; fileRef = A8A8986C149DA86400F95FAE /* main.m */; };
		A8A89871149DA86400F95FAE /* AppDelegate.m in Sources */ = {isa = PBXBuildFile; fileRef = A8A89870149DA86400F95FAE /* AppDelegate.m */; };
		A8A89879149DABEF00F95FAE /* Message.m in Sources */ = {isa = PBXBuildFile; fileRef = A8A89878149DABEF00F95FAE /* Message.m */; };
		A8A89895149DB37A00F95FAE /* MessageViewController.m in Sources */ = {isa = PBXBuildFile; fileRef = A8A89894149DB37A00F95FAE /* MessageViewController.m */; };
		A8A89897149DC21700F95FAE /* TextCell.xib in Resources */ = {isa = PBXBuildFile; fileRef = A8A89896149DC21700F95FAE /* TextCell.xib */; };
		A8A8989B149DC28000F95FAE /* TextCell.m in Sources */ = {isa = PBXBuildFile; fileRef = A8A8989A149DC28000F95FAE /* TextCell.m */; };
		A8A898A2149DECEE00F95FAE /* Persistence.m in Sources */ = {isa = PBXBuildFile; fileRef = A8A898A1149DECEE00F95FAE /* Persistence.m */; };
		A8A898AC149DF61400F95FAE /* HttpPostTransport.m in Sources */ = {isa = PBXBuildFile; fileRef = A8A898AB149DF61300F95FAE /* HttpPostTransport.m */; };
		A8ABFA8B149E3D5A00694D32 /* PhotoController.m in Sources */ = {isa = PBXBuildFile; fileRef = A8ABFA8A149E3D5A00694D32 /* PhotoController.m */; };
		A8ABFA97149E577000694D32 /* MessageTextEditController.m in Sources */ = {isa = PBXBuildFile; fileRef = A8ABFA96149E576F00694D32 /* MessageTextEditController.m */; };
		A8ABFA97149E577000694D36 /* ASIFormDataRequest.m in Sources */ = {isa = PBXBuildFile; fileRef = A8ABFA97149E577000694D35 /* ASIFormDataRequest.m */; };
		A8ABFA97149E577000694D39 /* ASIHTTPRequest.m in Sources */ = {isa = PBXBuildFile; fileRef = A8ABFA97149E577000694D38 /* ASIHTTPRequest.m */; };
		A8ABFA97149E577000694D3D /* ASIAuthenticationDialog.m in Sources */ = {isa = PBXBuildFile; fileRef = A8ABFA97149E577000694D3C /* ASIAuthenticationDialog.m */; };
		A8ABFA97149E577000694D40 /* Reachability.m in Sources */ = {isa = PBXBuildFile; fileRef = A8ABFA97149E577000694D3F /* Reachability.m */; };
		A8ABFA97149E577000694D46 /* ASIDataCompressor.m in Sources */ = {isa = PBXBuildFile; fileRef = A8ABFA97149E577000694D45 /* ASIDataCompressor.m */; };
		A8ABFA97149E577000694D49 /* ASIDataDecompressor.m in Sources */ = {isa = PBXBuildFile; fileRef = A8ABFA97149E577000694D48 /* ASIDataDecompressor.m */; };
		A8ABFA97149E577000694D4C /* ASIInputStream.m in Sources */ = {isa = PBXBuildFile; fileRef = A8ABFA97149E577000694D4B /* ASIInputStream.m */; };
		A8EDB22914BB0E3B00DAE348 /* CFNetwork.framework in Frameworks */ = {isa = PBXBuildFile; fileRef = A8EDB22814BB0E3B00DAE348 /* CFNetwork.framework */; };
		A8EDB22C14BB0E6400DAE348 /* SystemConfiguration.framework in Frameworks */ = {isa = PBXBuildFile; fileRef = A8EDB22B14BB0E6400DAE348 /* SystemConfiguration.framework */; };
		A8EDB22E14BB0E8500DAE348 /* libz.dylib in Frameworks */ = {isa = PBXBuildFile; fileRef = A8EDB22D14BB0E8500DAE348 /* libz.dylib */; };
/* End PBXBuildFile section */

/* Begin PBXFileReference section */
		2669D7BF149DCDE200B04EBC /* MobileCoreServices.framework */ = {isa = PBXFileReference; lastKnownFileType = wrapper.framework; name = MobileCoreServices.framework; path = System/Library/Frameworks/MobileCoreServices.framework; sourceTree = SDKROOT; };
		A85C380814B0496C0026EE42 /* versionCheck.h */ = {isa = PBXFileReference; fileEncoding = 4; lastKnownFileType = sourcecode.c.h; path = versionCheck.h; sourceTree = "<group>"; };
		A86AD68B14C19C8100C511ED /* greenplus.png */ = {isa = PBXFileReference; lastKnownFileType = image.png; path = greenplus.png; sourceTree = "<group>"; };
		A86AD68D14C1A2BA00C511ED /* greenplus32.png */ = {isa = PBXFileReference; lastKnownFileType = image.png; path = greenplus32.png; sourceTree = "<group>"; };
		A89C2C2A14B20378004FEF25 /* UIImprovedImage.h */ = {isa = PBXFileReference; fileEncoding = 4; lastKnownFileType = sourcecode.c.h; path = UIImprovedImage.h; sourceTree = "<group>"; };
		A89C2C2B14B20378004FEF25 /* UIImprovedImage.m */ = {isa = PBXFileReference; fileEncoding = 4; lastKnownFileType = sourcecode.c.objc; path = UIImprovedImage.m; sourceTree = "<group>"; };
		A8A8985C149DA86400F95FAE /* reporter.app */ = {isa = PBXFileReference; explicitFileType = wrapper.application; includeInIndex = 0; path = reporter.app; sourceTree = BUILT_PRODUCTS_DIR; };
		A8A89860149DA86400F95FAE /* UIKit.framework */ = {isa = PBXFileReference; lastKnownFileType = wrapper.framework; name = UIKit.framework; path = System/Library/Frameworks/UIKit.framework; sourceTree = SDKROOT; };
		A8A89862149DA86400F95FAE /* Foundation.framework */ = {isa = PBXFileReference; lastKnownFileType = wrapper.framework; name = Foundation.framework; path = System/Library/Frameworks/Foundation.framework; sourceTree = SDKROOT; };
		A8A89864149DA86400F95FAE /* CoreGraphics.framework */ = {isa = PBXFileReference; lastKnownFileType = wrapper.framework; name = CoreGraphics.framework; path = System/Library/Frameworks/CoreGraphics.framework; sourceTree = SDKROOT; };
		A8A89868149DA86400F95FAE /* reporter-Info.plist */ = {isa = PBXFileReference; lastKnownFileType = text.plist.xml; path = "reporter-Info.plist"; sourceTree = "<group>"; };
		A8A8986A149DA86400F95FAE /* en */ = {isa = PBXFileReference; lastKnownFileType = text.plist.strings; name = en; path = en.lproj/InfoPlist.strings; sourceTree = "<group>"; };
		A8A8986C149DA86400F95FAE /* main.m */ = {isa = PBXFileReference; lastKnownFileType = sourcecode.c.objc; path = main.m; sourceTree = "<group>"; };
		A8A8986E149DA86400F95FAE /* reporter-Prefix.pch */ = {isa = PBXFileReference; lastKnownFileType = sourcecode.c.h; path = "reporter-Prefix.pch"; sourceTree = "<group>"; };
		A8A8986F149DA86400F95FAE /* AppDelegate.h */ = {isa = PBXFileReference; lastKnownFileType = sourcecode.c.h; path = AppDelegate.h; sourceTree = "<group>"; };
		A8A89870149DA86400F95FAE /* AppDelegate.m */ = {isa = PBXFileReference; lastKnownFileType = sourcecode.c.objc; path = AppDelegate.m; sourceTree = "<group>"; };
		A8A89877149DABEF00F95FAE /* Message.h */ = {isa = PBXFileReference; fileEncoding = 4; lastKnownFileType = sourcecode.c.h; path = Message.h; sourceTree = "<group>"; };
		A8A89878149DABEF00F95FAE /* Message.m */ = {isa = PBXFileReference; fileEncoding = 4; lastKnownFileType = sourcecode.c.objc; path = Message.m; sourceTree = "<group>"; };
		A8A89893149DB37A00F95FAE /* MessageViewController.h */ = {isa = PBXFileReference; fileEncoding = 4; lastKnownFileType = sourcecode.c.h; path = MessageViewController.h; sourceTree = "<group>"; };
		A8A89894149DB37A00F95FAE /* MessageViewController.m */ = {isa = PBXFileReference; fileEncoding = 4; lastKnownFileType = sourcecode.c.objc; path = MessageViewController.m; sourceTree = "<group>"; };
		A8A89896149DC21700F95FAE /* TextCell.xib */ = {isa = PBXFileReference; fileEncoding = 4; lastKnownFileType = file.xib; path = TextCell.xib; sourceTree = "<group>"; };
		A8A89899149DC28000F95FAE /* TextCell.h */ = {isa = PBXFileReference; fileEncoding = 4; lastKnownFileType = sourcecode.c.h; path = TextCell.h; sourceTree = "<group>"; };
		A8A8989A149DC28000F95FAE /* TextCell.m */ = {isa = PBXFileReference; fileEncoding = 4; lastKnownFileType = sourcecode.c.objc; path = TextCell.m; sourceTree = "<group>"; };
		A8A898A0149DECED00F95FAE /* Persistence.h */ = {isa = PBXFileReference; fileEncoding = 4; lastKnownFileType = sourcecode.c.h; path = Persistence.h; sourceTree = "<group>"; };
		A8A898A1149DECEE00F95FAE /* Persistence.m */ = {isa = PBXFileReference; fileEncoding = 4; lastKnownFileType = sourcecode.c.objc; path = Persistence.m; sourceTree = "<group>"; };
		A8A898AA149DF61300F95FAE /* HttpPostTransport.h */ = {isa = PBXFileReference; fileEncoding = 4; lastKnownFileType = sourcecode.c.h; path = HttpPostTransport.h; sourceTree = "<group>"; };
		A8A898AB149DF61300F95FAE /* HttpPostTransport.m */ = {isa = PBXFileReference; fileEncoding = 4; lastKnownFileType = sourcecode.c.objc; path = HttpPostTransport.m; sourceTree = "<group>"; };
		A8ABFA89149E3D5A00694D32 /* PhotoController.h */ = {isa = PBXFileReference; fileEncoding = 4; lastKnownFileType = sourcecode.c.h; path = PhotoController.h; sourceTree = "<group>"; };
		A8ABFA8A149E3D5A00694D32 /* PhotoController.m */ = {isa = PBXFileReference; fileEncoding = 4; lastKnownFileType = sourcecode.c.objc; path = PhotoController.m; sourceTree = "<group>"; };
		A8ABFA95149E576F00694D32 /* MessageTextEditController.h */ = {isa = PBXFileReference; fileEncoding = 4; lastKnownFileType = sourcecode.c.h; path = MessageTextEditController.h; sourceTree = "<group>"; };
		A8ABFA96149E576F00694D32 /* MessageTextEditController.m */ = {isa = PBXFileReference; fileEncoding = 4; lastKnownFileType = sourcecode.c.objc; path = MessageTextEditController.m; sourceTree = "<group>"; };
		A8ABFA97149E577000694D34 /* ASIFormDataRequest.h */ = {isa = PBXFileReference; fileEncoding = 4; lastKnownFileType = sourcecode.c.h; path = ASIFormDataRequest.h; sourceTree = "<group>"; };
		A8ABFA97149E577000694D35 /* ASIFormDataRequest.m */ = {isa = PBXFileReference; fileEncoding = 4; lastKnownFileType = sourcecode.c.objc; path = ASIFormDataRequest.m; sourceTree = "<group>"; };
		A8ABFA97149E577000694D37 /* ASIHTTPRequest.h */ = {isa = PBXFileReference; fileEncoding = 4; lastKnownFileType = sourcecode.c.h; path = ASIHTTPRequest.h; sourceTree = "<group>"; };
		A8ABFA97149E577000694D38 /* ASIHTTPRequest.m */ = {isa = PBXFileReference; fileEncoding = 4; lastKnownFileType = sourcecode.c.objc; path = ASIHTTPRequest.m; sourceTree = "<group>"; };
		A8ABFA97149E577000694D3A /* ASIHTTPRequestConfig.h */ = {isa = PBXFileReference; fileEncoding = 4; lastKnownFileType = sourcecode.c.h; path = ASIHTTPRequestConfig.h; sourceTree = "<group>"; };
		A8ABFA97149E577000694D3B /* ASIAuthenticationDialog.h */ = {isa = PBXFileReference; fileEncoding = 4; lastKnownFileType = sourcecode.c.h; path = ASIAuthenticationDialog.h; sourceTree = "<group>"; };
		A8ABFA97149E577000694D3C /* ASIAuthenticationDialog.m */ = {isa = PBXFileReference; fileEncoding = 4; lastKnownFileType = sourcecode.c.objc; path = ASIAuthenticationDialog.m; sourceTree = "<group>"; };
		A8ABFA97149E577000694D3E /* Reachability.h */ = {isa = PBXFileReference; fileEncoding = 4; lastKnownFileType = sourcecode.c.h; path = Reachability.h; sourceTree = "<group>"; };
		A8ABFA97149E577000694D3F /* Reachability.m */ = {isa = PBXFileReference; fileEncoding = 4; lastKnownFileType = sourcecode.c.objc; path = Reachability.m; sourceTree = "<group>"; };
		A8ABFA97149E577000694D41 /* ASICacheDelegate.h */ = {isa = PBXFileReference; fileEncoding = 4; lastKnownFileType = sourcecode.c.h; path = ASICacheDelegate.h; sourceTree = "<group>"; };
		A8ABFA97149E577000694D42 /* ASIHTTPRequestDelegate.h */ = {isa = PBXFileReference; fileEncoding = 4; lastKnownFileType = sourcecode.c.h; path = ASIHTTPRequestDelegate.h; sourceTree = "<group>"; };
		A8ABFA97149E577000694D43 /* ASIProgressDelegate.h */ = {isa = PBXFileReference; fileEncoding = 4; lastKnownFileType = sourcecode.c.h; path = ASIProgressDelegate.h; sourceTree = "<group>"; };
		A8ABFA97149E577000694D44 /* ASIDataCompressor.h */ = {isa = PBXFileReference; fileEncoding = 4; lastKnownFileType = sourcecode.c.h; path = ASIDataCompressor.h; sourceTree = "<group>"; };
		A8ABFA97149E577000694D45 /* ASIDataCompressor.m */ = {isa = PBXFileReference; fileEncoding = 4; lastKnownFileType = sourcecode.c.objc; path = ASIDataCompressor.m; sourceTree = "<group>"; };
		A8ABFA97149E577000694D47 /* ASIDataDecompressor.h */ = {isa = PBXFileReference; fileEncoding = 4; lastKnownFileType = sourcecode.c.h; path = ASIDataDecompressor.h; sourceTree = "<group>"; };
		A8ABFA97149E577000694D48 /* ASIDataDecompressor.m */ = {isa = PBXFileReference; fileEncoding = 4; lastKnownFileType = sourcecode.c.objc; path = ASIDataDecompressor.m; sourceTree = "<group>"; };
		A8ABFA97149E577000694D4A /* ASIInputStream.h */ = {isa = PBXFileReference; fileEncoding = 4; lastKnownFileType = sourcecode.c.h; path = ASIInputStream.h; sourceTree = "<group>"; };
		A8ABFA97149E577000694D4B /* ASIInputStream.m */ = {isa = PBXFileReference; fileEncoding = 4; lastKnownFileType = sourcecode.c.objc; path = ASIInputStream.m; sourceTree = "<group>"; };
		A8EDB22814BB0E3B00DAE348 /* CFNetwork.framework */ = {isa = PBXFileReference; lastKnownFileType = wrapper.framework; name = CFNetwork.framework; path = System/Library/Frameworks/CFNetwork.framework; sourceTree = SDKROOT; };
		A8EDB22B14BB0E6400DAE348 /* SystemConfiguration.framework */ = {isa = PBXFileReference; lastKnownFileType = wrapper.framework; name = SystemConfiguration.framework; path = System/Library/Frameworks/SystemConfiguration.framework; sourceTree = SDKROOT; };
		A8EDB22D14BB0E8500DAE348 /* libz.dylib */ = {isa = PBXFileReference; lastKnownFileType = "compiled.mach-o.dylib"; name = libz.dylib; path = usr/lib/libz.dylib; sourceTree = SDKROOT; };
/* End PBXFileReference section */

/* Begin PBXFrameworksBuildPhase section */
		A8A89859149DA86400F95FAE /* Frameworks */ = {
			isa = PBXFrameworksBuildPhase;
			buildActionMask = 2147483647;
			files = (
				A8EDB22E14BB0E8500DAE348 /* libz.dylib in Frameworks */,
				A8EDB22C14BB0E6400DAE348 /* SystemConfiguration.framework in Frameworks */,
				A8EDB22914BB0E3B00DAE348 /* CFNetwork.framework in Frameworks */,
				2669D7C0149DCDE200B04EBC /* MobileCoreServices.framework in Frameworks */,
				A8A89861149DA86400F95FAE /* UIKit.framework in Frameworks */,
				A8A89863149DA86400F95FAE /* Foundation.framework in Frameworks */,
				A8A89865149DA86400F95FAE /* CoreGraphics.framework in Frameworks */,
			);
			runOnlyForDeploymentPostprocessing = 0;
		};
/* End PBXFrameworksBuildPhase section */

/* Begin PBXGroup section */
		A8A89851149DA86400F95FAE = {
			isa = PBXGroup;
			children = (
				A8A89866149DA86400F95FAE /* reporter */,
				A8A8985F149DA86400F95FAE /* Frameworks */,
				A8A8985D149DA86400F95FAE /* Products */,
			);
			sourceTree = "<group>";
		};
		A8A8985D149DA86400F95FAE /* Products */ = {
			isa = PBXGroup;
			children = (
				A8A8985C149DA86400F95FAE /* reporter.app */,
			);
			name = Products;
			sourceTree = "<group>";
		};
		A8A8985F149DA86400F95FAE /* Frameworks */ = {
			isa = PBXGroup;
			children = (
				A8EDB22D14BB0E8500DAE348 /* libz.dylib */,
				A8EDB22B14BB0E6400DAE348 /* SystemConfiguration.framework */,
				A8EDB22814BB0E3B00DAE348 /* CFNetwork.framework */,
				2669D7BF149DCDE200B04EBC /* MobileCoreServices.framework */,
				A8A89860149DA86400F95FAE /* UIKit.framework */,
				A8A89862149DA86400F95FAE /* Foundation.framework */,
				A8A89864149DA86400F95FAE /* CoreGraphics.framework */,
			);
			name = Frameworks;
			sourceTree = "<group>";
		};
		A8A89866149DA86400F95FAE /* reporter */ = {
			isa = PBXGroup;
			children = (
				A86AD68D14C1A2BA00C511ED /* greenplus32.png */,
				A86AD68B14C19C8100C511ED /* greenplus.png */,
				A8A8986F149DA86400F95FAE /* AppDelegate.h */,
				A8A89870149DA86400F95FAE /* AppDelegate.m */,
				A8A89898149DC24100F95FAE /* Cells */,
				A8A898A0149DECED00F95FAE /* Persistence.h */,
				A8A898A1149DECEE00F95FAE /* Persistence.m */,
				A8A89877149DABEF00F95FAE /* Message.h */,
				A8A89878149DABEF00F95FAE /* Message.m */,
				A8A89893149DB37A00F95FAE /* MessageViewController.h */,
				A8A89894149DB37A00F95FAE /* MessageViewController.m */,
				A8A898AA149DF61300F95FAE /* HttpPostTransport.h */,
				A8A898AB149DF61300F95FAE /* HttpPostTransport.m */,
				A8ABFA89149E3D5A00694D32 /* PhotoController.h */,
				A8ABFA8A149E3D5A00694D32 /* PhotoController.m */,
				A8ABFA95149E576F00694D32 /* MessageTextEditController.h */,
				A8ABFA96149E576F00694D32 /* MessageTextEditController.m */,
				A8A89867149DA86400F95FAE /* Supporting Files */,
				A85C380814B0496C0026EE42 /* versionCheck.h */,
				A89C2C2A14B20378004FEF25 /* UIImprovedImage.h */,
				A89C2C2B14B20378004FEF25 /* UIImprovedImage.m */,
				A8ABFA97149E577000694D33 /* asi */,
			);
			path = reporter;
			sourceTree = "<group>";
		};
		A8A89867149DA86400F95FAE /* Supporting Files */ = {
			isa = PBXGroup;
			children = (
				A8A89868149DA86400F95FAE /* reporter-Info.plist */,
				A8A89869149DA86400F95FAE /* InfoPlist.strings */,
				A8A8986C149DA86400F95FAE /* main.m */,
				A8A8986E149DA86400F95FAE /* reporter-Prefix.pch */,
			);
			name = "Supporting Files";
			sourceTree = "<group>";
		};
		A8A89898149DC24100F95FAE /* Cells */ = {
			isa = PBXGroup;
			children = (
				A8A89896149DC21700F95FAE /* TextCell.xib */,
				A8A89899149DC28000F95FAE /* TextCell.h */,
				A8A8989A149DC28000F95FAE /* TextCell.m */,
			);
			name = Cells;
			sourceTree = "<group>";
		};
		A8ABFA97149E577000694D33 /* asi */ = {
			isa = PBXGroup;
			children = (
				A8ABFA97149E577000694D4B /* ASIInputStream.m */,
				A8ABFA97149E577000694D4A /* ASIInputStream.h */,
				A8ABFA97149E577000694D48 /* ASIDataDecompressor.m */,
				A8ABFA97149E577000694D47 /* ASIDataDecompressor.h */,
				A8ABFA97149E577000694D45 /* ASIDataCompressor.m */,
				A8ABFA97149E577000694D44 /* ASIDataCompressor.h */,
				A8ABFA97149E577000694D43 /* ASIProgressDelegate.h */,
				A8ABFA97149E577000694D42 /* ASIHTTPRequestDelegate.h */,
				A8ABFA97149E577000694D41 /* ASICacheDelegate.h */,
				A8ABFA97149E577000694D3F /* Reachability.m */,
				A8ABFA97149E577000694D3E /* Reachability.h */,
				A8ABFA97149E577000694D3C /* ASIAuthenticationDialog.m */,
				A8ABFA97149E577000694D3B /* ASIAuthenticationDialog.h */,
				A8ABFA97149E577000694D3A /* ASIHTTPRequestConfig.h */,
				A8ABFA97149E577000694D38 /* ASIHTTPRequest.m */,
				A8ABFA97149E577000694D37 /* ASIHTTPRequest.h */,
				A8ABFA97149E577000694D35 /* ASIFormDataRequest.m */,
				A8ABFA97149E577000694D34 /* ASIFormDataRequest.h */,
			);
			name = asi;
			sourceTree = "<group>";
		};
/* End PBXGroup section */

/* Begin PBXNativeTarget section */
		A8A8985B149DA86400F95FAE /* reporter */ = {
			isa = PBXNativeTarget;
			buildConfigurationList = A8A89874149DA86400F95FAE /* Build configuration list for PBXNativeTarget "reporter" */;
			buildPhases = (
				A8A89858149DA86400F95FAE /* Sources */,
				A8A89859149DA86400F95FAE /* Frameworks */,
				A8A8985A149DA86400F95FAE /* Resources */,
			);
			buildRules = (
			);
			dependencies = (
			);
			name = reporter;
			productName = reporter;
			productReference = A8A8985C149DA86400F95FAE /* reporter.app */;
			productType = "com.apple.product-type.application";
		};
/* End PBXNativeTarget section */

/* Begin PBXProject section */
		A8A89853149DA86400F95FAE /* Project object */ = {
			isa = PBXProject;
			attributes = {
				LastUpgradeCheck = 0420;
			};
			buildConfigurationList = A8A89856149DA86400F95FAE /* Build configuration list for PBXProject "reporter" */;
			compatibilityVersion = "Xcode 3.2";
			developmentRegion = English;
			hasScannedForEncodings = 0;
			knownRegions = (
				en,
			);
			mainGroup = A8A89851149DA86400F95FAE;
			productRefGroup = A8A8985D149DA86400F95FAE /* Products */;
			projectDirPath = "";
			projectRoot = "";
			targets = (
				A8A8985B149DA86400F95FAE /* reporter */,
			);
		};
/* End PBXProject section */

/* Begin PBXResourcesBuildPhase section */
		A8A8985A149DA86400F95FAE /* Resources */ = {
			isa = PBXResourcesBuildPhase;
			buildActionMask = 2147483647;
			files = (
				A8A8986B149DA86400F95FAE /* InfoPlist.strings in Resources */,
				A8A89897149DC21700F95FAE /* TextCell.xib in Resources */,
				A86AD68C14C19C8100C511ED /* greenplus.png in Resources */,
				A86AD68E14C1A2BA00C511ED /* greenplus32.png in Resources */,
			);
			runOnlyForDeploymentPostprocessing = 0;
		};
/* End PBXResourcesBuildPhase section */

/* Begin PBXSourcesBuildPhase section */
		A8A89858149DA86400F95FAE /* Sources */ = {
			isa = PBXSourcesBuildPhase;
			buildActionMask = 2147483647;
			files = (
				A8A8986D149DA86400F95FAE /* main.m in Sources */,
				A8A89871149DA86400F95FAE /* AppDelegate.m in Sources */,
				A8A89879149DABEF00F95FAE /* Message.m in Sources */,
				A8A89895149DB37A00F95FAE /* MessageViewController.m in Sources */,
				A8A8989B149DC28000F95FAE /* TextCell.m in Sources */,
				A8A898A2149DECEE00F95FAE /* Persistence.m in Sources */,
				A8A898AC149DF61400F95FAE /* HttpPostTransport.m in Sources */,
				A8ABFA8B149E3D5A00694D32 /* PhotoController.m in Sources */,
				A8ABFA97149E577000694D32 /* MessageTextEditController.m in Sources */,
				A89C2C2C14B20378004FEF25 /* UIImprovedImage.m in Sources */,
				A8ABFA97149E577000694D36 /* ASIFormDataRequest.m in Sources */,
				A8ABFA97149E577000694D39 /* ASIHTTPRequest.m in Sources */,
				A8ABFA97149E577000694D3D /* ASIAuthenticationDialog.m in Sources */,
				A8ABFA97149E577000694D40 /* Reachability.m in Sources */,
				A8ABFA97149E577000694D46 /* ASIDataCompressor.m in Sources */,
				A8ABFA97149E577000694D49 /* ASIDataDecompressor.m in Sources */,
				A8ABFA97149E577000694D4C /* ASIInputStream.m in Sources */,
			);
			runOnlyForDeploymentPostprocessing = 0;
		};
/* End PBXSourcesBuildPhase section */

/* Begin PBXVariantGroup section */
		A8A89869149DA86400F95FAE /* InfoPlist.strings */ = {
			isa = PBXVariantGroup;
			children = (
				A8A8986A149DA86400F95FAE /* en */,
			);
			name = InfoPlist.strings;
			sourceTree = "<group>";
		};
/* End PBXVariantGroup section */

/* Begin XCBuildConfiguration section */
		A8A89872149DA86400F95FAE /* Debug */ = {
			isa = XCBuildConfiguration;
			buildSettings = {
				ALWAYS_SEARCH_USER_PATHS = NO;
				ARCHS = "$(ARCHS_STANDARD_32_BIT)";
				"CODE_SIGN_IDENTITY[sdk=iphoneos*]" = "iPhone Developer";
				COPY_PHASE_STRIP = NO;
				GCC_C_LANGUAGE_STANDARD = gnu99;
				GCC_DYNAMIC_NO_PIC = NO;
				GCC_OPTIMIZATION_LEVEL = 0;
				GCC_PREPROCESSOR_DEFINITIONS = (
					"DEBUG=1",
					"$(inherited)",
				);
				GCC_SYMBOLS_PRIVATE_EXTERN = NO;
				GCC_VERSION = com.apple.compilers.llvm.clang.1_0;
				GCC_WARN_ABOUT_MISSING_PROTOTYPES = YES;
				GCC_WARN_ABOUT_RETURN_TYPE = YES;
				GCC_WARN_UNUSED_VARIABLE = YES;
				IPHONEOS_DEPLOYMENT_TARGET = 5.0;
				SDKROOT = iphoneos;
			};
			name = Debug;
		};
		A8A89873149DA86400F95FAE /* Release */ = {
			isa = XCBuildConfiguration;
			buildSettings = {
				ALWAYS_SEARCH_USER_PATHS = NO;
				ARCHS = "$(ARCHS_STANDARD_32_BIT)";
				"CODE_SIGN_IDENTITY[sdk=iphoneos*]" = "iPhone Developer";
				COPY_PHASE_STRIP = YES;
				GCC_C_LANGUAGE_STANDARD = gnu99;
				GCC_VERSION = com.apple.compilers.llvm.clang.1_0;
				GCC_WARN_ABOUT_MISSING_PROTOTYPES = YES;
				GCC_WARN_ABOUT_RETURN_TYPE = YES;
				GCC_WARN_UNUSED_VARIABLE = YES;
				IPHONEOS_DEPLOYMENT_TARGET = 5.0;
				OTHER_CFLAGS = "-DNS_BLOCK_ASSERTIONS=1";
				SDKROOT = iphoneos;
				VALIDATE_PRODUCT = YES;
			};
			name = Release;
		};
		A8A89875149DA86400F95FAE /* Debug */ = {
			isa = XCBuildConfiguration;
			buildSettings = {
				GCC_PRECOMPILE_PREFIX_HEADER = YES;
				GCC_PREFIX_HEADER = "reporter/reporter-Prefix.pch";
				INFOPLIST_FILE = "reporter/reporter-Info.plist";
				IPHONEOS_DEPLOYMENT_TARGET = 3.1;
				PRODUCT_NAME = "$(TARGET_NAME)";
				WRAPPER_EXTENSION = app;
			};
			name = Debug;
		};
		A8A89876149DA86400F95FAE /* Release */ = {
			isa = XCBuildConfiguration;
			buildSettings = {
				GCC_PRECOMPILE_PREFIX_HEADER = YES;
				GCC_PREFIX_HEADER = "reporter/reporter-Prefix.pch";
				INFOPLIST_FILE = "reporter/reporter-Info.plist";
				IPHONEOS_DEPLOYMENT_TARGET = 3.1;
				PRODUCT_NAME = "$(TARGET_NAME)";
				WRAPPER_EXTENSION = app;
			};
			name = Release;
		};
/* End XCBuildConfiguration section */

/* Begin XCConfigurationList section */
		A8A89856149DA86400F95FAE /* Build configuration list for PBXProject "reporter" */ = {
			isa = XCConfigurationList;
			buildConfigurations = (
				A8A89872149DA86400F95FAE /* Debug */,
				A8A89873149DA86400F95FAE /* Release */,
			);
			defaultConfigurationIsVisible = 0;
			defaultConfigurationName = Release;
		};
		A8A89874149DA86400F95FAE /* Build configuration list for PBXNativeTarget "reporter" */ = {
			isa = XCConfigurationList;
			buildConfigurations = (
				A8A89875149DA86400F95FAE /* Debug */,
				A8A89876149DA86400F95FAE /* Release */,
			);
			defaultConfigurationIsVisible = 0;
			defaultConfigurationName = Release;
		};
/* End XCConfigurationList section */
	};
	rootObject = A8A89853149DA86400F95FAE /* Project object */;
}
